
Microsoft Visual Studio Solution File, Format Version 12.00
# Visual Studio Version 17
VisualStudioVersion = 17.13.35825.156 d17.13
MinimumVisualStudioVersion = 10.0.40219.1
Project("{FAE04EC0-301F-11D3-BF4B-00C04F79EFBC}") = "MathGame", "MathGame.csproj", "{1C5796D5-A767-4875-B879-DDC28AB4E434}"
EndProject
Global
	GlobalSection(SolutionConfigurationPlatforms) = preSolution
		Debug|Any CPU = Debug|Any CPU
		Release|Any CPU = Release|Any CPU
	EndGlobalSection
	GlobalSection(ProjectConfigurationPlatforms) = postSolution
		{1C5796D5-A767-4875-B879-DDC28AB4E434}.Debug|Any CPU.ActiveCfg = Debug|Any CPU
		{1C5796D5-A767-4875-B879-DDC28AB4E434}.Debug|Any CPU.Build.0 = Debug|Any CPU
		{1C5796D5-A767-4875-B879-DDC28AB4E434}.Release|Any CPU.ActiveCfg = Release|Any CPU
		{1C5796D5-A767-4875-B879-DDC28AB4E434}.Release|Any CPU.Build.0 = Release|Any CPU
	EndGlobalSection
	GlobalSection(SolutionProperties) = preSolution
		HideSolutionNode = FALSE
	EndGlobalSection
	GlobalSection(ExtensibilityGlobals) = postSolution
		SolutionGuid = {12D13C37-2F58-4717-922D-B82A9A452F69}
	EndGlobalSection
EndGlobal
